// !$*UTF8*$!
{
	archiveVersion = 1;
	classes = {
	};
	objectVersion = 56;
	objects = {

/* Begin PBXBuildFile section */
		8BA7164E2BA789F400E4D67E /* ScrumdingerApp.swift in Sources */ = {isa = PBXBuildFile; fileRef = 8BA7164D2BA789F400E4D67E /* ScrumdingerApp.swift */; };
		8BA716502BA789F400E4D67E /* MeetingView.swift in Sources */ = {isa = PBXBuildFile; fileRef = 8BA7164F2BA789F400E4D67E /* MeetingView.swift */; };
		8BA7165D2BA7934A00E4D67E /* Theme.swift in Sources */ = {isa = PBXBuildFile; fileRef = 8BA7165C2BA7934A00E4D67E /* Theme.swift */; };
		8BA7165F2BA7947A00E4D67E /* DailyScream.swift in Sources */ = {isa = PBXBuildFile; fileRef = 8BA7165E2BA7947A00E4D67E /* DailyScream.swift */; };
		8BA716612BA795D100E4D67E /* CardView.swift in Sources */ = {isa = PBXBuildFile; fileRef = 8BA716602BA795D100E4D67E /* CardView.swift */; };
		8BC2132C2BAE271C00D19DBF /* ThemeView.swift in Sources */ = {isa = PBXBuildFile; fileRef = 8BC2132B2BAE271C00D19DBF /* ThemeView.swift */; };
		8BC2132E2BAE289500D19DBF /* ThemePicker.swift in Sources */ = {isa = PBXBuildFile; fileRef = 8BC2132D2BAE289500D19DBF /* ThemePicker.swift */; };
		8BC6DCEE2BA8DA720093A554 /* ScrumsView.swift in Sources */ = {isa = PBXBuildFile; fileRef = 8BC6DCED2BA8DA720093A554 /* ScrumsView.swift */; };
		8BC6DCF32BA8E64E0093A554 /* DetailView.swift in Sources */ = {isa = PBXBuildFile; fileRef = 8BC6DCF22BA8E64E0093A554 /* DetailView.swift */; };
		8BDC5E022BAA2EBB0051179E /* DetailEditView.swift in Sources */ = {isa = PBXBuildFile; fileRef = 8BDC5E012BAA2EBB0051179E /* DetailEditView.swift */; };
		8BDC5E042BAA43810051179E /* TrailingIconLabelStyle.swift in Sources */ = {isa = PBXBuildFile; fileRef = 8BDC5E032BAA43810051179E /* TrailingIconLabelStyle.swift */; };
		8BF11D942BAF760F001C3C2D /* MeetingHeaderView.swift in Sources */ = {isa = PBXBuildFile; fileRef = 8BF11D932BAF760F001C3C2D /* MeetingHeaderView.swift */; };
		8BF11D962BAF8145001C3C2D /* ScrumProgressViewStyle.swift in Sources */ = {isa = PBXBuildFile; fileRef = 8BF11D952BAF8145001C3C2D /* ScrumProgressViewStyle.swift */; };
		8BF11D982BAF8272001C3C2D /* ScrumTimer.swift in Sources */ = {isa = PBXBuildFile; fileRef = 8BF11D972BAF8272001C3C2D /* ScrumTimer.swift */; };
		8BF11D9A2BAF8738001C3C2D /* MeetingFooterView.swift in Sources */ = {isa = PBXBuildFile; fileRef = 8BF11D992BAF8738001C3C2D /* MeetingFooterView.swift */; };
		8BF11D9C2BAF909F001C3C2D /* AVPlayer+Ding.swift in Sources */ = {isa = PBXBuildFile; fileRef = 8BF11D9B2BAF909F001C3C2D /* AVPlayer+Ding.swift */; };
/* End PBXBuildFile section */

/* Begin PBXFileReference section */
		8B0869DB2BB0BE950043CAF1 /* Assets.xcassets */ = {isa = PBXFileReference; lastKnownFileType = folder.assetcatalog; name = Assets.xcassets; path = "../../../Downloads/ManagingStateAndLifeCycle 3/Complete/Scrumdinger/Assets.xcassets"; sourceTree = "<group>"; };
		8BA7164A2BA789F400E4D67E /* ScrumDingerApp.app */ = {isa = PBXFileReference; explicitFileType = wrapper.application; includeInIndex = 0; path = ScrumDingerApp.app; sourceTree = BUILT_PRODUCTS_DIR; };
		8BA7164D2BA789F400E4D67E /* ScrumdingerApp.swift */ = {isa = PBXFileReference; lastKnownFileType = sourcecode.swift; path = ScrumdingerApp.swift; sourceTree = "<group>"; };
		8BA7164F2BA789F400E4D67E /* MeetingView.swift */ = {isa = PBXFileReference; lastKnownFileType = sourcecode.swift; name = MeetingView.swift; path = /Users/koty/Documents/FirstApp/ScrumDingerApp/Views/MeetingView.swift; sourceTree = "<absolute>"; };
		8BA7165C2BA7934A00E4D67E /* Theme.swift */ = {isa = PBXFileReference; lastKnownFileType = sourcecode.swift; path = Theme.swift; sourceTree = "<group>"; };
		8BA7165E2BA7947A00E4D67E /* DailyScream.swift */ = {isa = PBXFileReference; lastKnownFileType = sourcecode.swift; path = DailyScream.swift; sourceTree = "<group>"; };
		8BA716602BA795D100E4D67E /* CardView.swift */ = {isa = PBXFileReference; lastKnownFileType = sourcecode.swift; path = CardView.swift; sourceTree = "<group>"; };
		8BC213292BAE264C00D19DBF /* Preview Content */ = {isa = PBXFileReference; lastKnownFileType = folder; name = "Preview Content"; path = "../../../Downloads/CreatingTheEditView/Complete/Scrumdinger/Preview Content"; sourceTree = "<group>"; };
		8BC2132B2BAE271C00D19DBF /* ThemeView.swift */ = {isa = PBXFileReference; lastKnownFileType = sourcecode.swift; path = ThemeView.swift; sourceTree = "<group>"; };
		8BC2132D2BAE289500D19DBF /* ThemePicker.swift */ = {isa = PBXFileReference; lastKnownFileType = sourcecode.swift; path = ThemePicker.swift; sourceTree = "<group>"; };
		8BC6DCED2BA8DA720093A554 /* ScrumsView.swift */ = {isa = PBXFileReference; lastKnownFileType = sourcecode.swift; path = ScrumsView.swift; sourceTree = "<group>"; };
		8BC6DCF22BA8E64E0093A554 /* DetailView.swift */ = {isa = PBXFileReference; lastKnownFileType = sourcecode.swift; path = DetailView.swift; sourceTree = "<group>"; };
		8BDC5E012BAA2EBB0051179E /* DetailEditView.swift */ = {isa = PBXFileReference; lastKnownFileType = sourcecode.swift; path = DetailEditView.swift; sourceTree = "<group>"; };
		8BDC5E032BAA43810051179E /* TrailingIconLabelStyle.swift */ = {isa = PBXFileReference; lastKnownFileType = sourcecode.swift; path = TrailingIconLabelStyle.swift; sourceTree = "<group>"; };
		8BDC5E0A2BAA4A700051179E /* Configuration */ = {isa = PBXFileReference; lastKnownFileType = folder; path = Configuration; sourceTree = "<group>"; };
		8BF11D932BAF760F001C3C2D /* MeetingHeaderView.swift */ = {isa = PBXFileReference; lastKnownFileType = sourcecode.swift; path = MeetingHeaderView.swift; sourceTree = "<group>"; };
		8BF11D952BAF8145001C3C2D /* ScrumProgressViewStyle.swift */ = {isa = PBXFileReference; fileEncoding = 4; lastKnownFileType = sourcecode.swift; path = ScrumProgressViewStyle.swift; sourceTree = "<group>"; };
		8BF11D972BAF8272001C3C2D /* ScrumTimer.swift */ = {isa = PBXFileReference; fileEncoding = 4; lastKnownFileType = sourcecode.swift; path = ScrumTimer.swift; sourceTree = "<group>"; };
		8BF11D992BAF8738001C3C2D /* MeetingFooterView.swift */ = {isa = PBXFileReference; lastKnownFileType = sourcecode.swift; path = MeetingFooterView.swift; sourceTree = "<group>"; };
		8BF11D9B2BAF909F001C3C2D /* AVPlayer+Ding.swift */ = {isa = PBXFileReference; fileEncoding = 4; lastKnownFileType = sourcecode.swift; path = "AVPlayer+Ding.swift"; sourceTree = "<group>"; };
		8BF11D9D2BAF90CA001C3C2D /* Resources */ = {isa = PBXFileReference; lastKnownFileType = folder; path = Resources; sourceTree = "<group>"; };
/* End PBXFileReference section */

/* Begin PBXFrameworksBuildPhase section */
		8BA716472BA789F400E4D67E /* Frameworks */ = {
			isa = PBXFrameworksBuildPhase;
			buildActionMask = 2147483647;
			files = (
			);
			runOnlyForDeploymentPostprocessing = 0;
		};
/* End PBXFrameworksBuildPhase section */

/* Begin PBXGroup section */
		8BA716412BA789F400E4D67E = {
			isa = PBXGroup;
			children = (
				8BDC5E0A2BAA4A700051179E /* Configuration */,
				8BA7164C2BA789F400E4D67E /* ScrumDingerApp */,
				8BA7164B2BA789F400E4D67E /* Products */,
			);
			sourceTree = "<group>";
		};
		8BA7164B2BA789F400E4D67E /* Products */ = {
			isa = PBXGroup;
			children = (
				8BA7164A2BA789F400E4D67E /* ScrumDingerApp.app */,
			);
			name = Products;
			sourceTree = "<group>";
		};
		8BA7164C2BA789F400E4D67E /* ScrumDingerApp */ = {
			isa = PBXGroup;
			children = (
				8B0869DB2BB0BE950043CAF1 /* Assets.xcassets */,
				8BF11D9D2BAF90CA001C3C2D /* Resources */,
				8BC213292BAE264C00D19DBF /* Preview Content */,
				8BA7165B2BA7931C00E4D67E /* Models */,
				8BDC5E072BAA45870051179E /* Views */,
				8BA7164D2BA789F400E4D67E /* ScrumdingerApp.swift */,
			);
			path = ScrumDingerApp;
			sourceTree = "<group>";
		};
		8BA7165B2BA7931C00E4D67E /* Models */ = {
			isa = PBXGroup;
			children = (
				8BF11D9B2BAF909F001C3C2D /* AVPlayer+Ding.swift */,
				8BF11D972BAF8272001C3C2D /* ScrumTimer.swift */,
				8BA7165C2BA7934A00E4D67E /* Theme.swift */,
				8BA7165E2BA7947A00E4D67E /* DailyScream.swift */,
			);
			path = Models;
			sourceTree = "<group>";
		};
		8BDC5E072BAA45870051179E /* Views */ = {
			isa = PBXGroup;
			children = (
				8BF11D952BAF8145001C3C2D /* ScrumProgressViewStyle.swift */,
				8BDC5E012BAA2EBB0051179E /* DetailEditView.swift */,
				8BA7164F2BA789F400E4D67E /* MeetingView.swift */,
				8BF11D992BAF8738001C3C2D /* MeetingFooterView.swift */,
				8BF11D932BAF760F001C3C2D /* MeetingHeaderView.swift */,
				8BA716602BA795D100E4D67E /* CardView.swift */,
				8BC6DCED2BA8DA720093A554 /* ScrumsView.swift */,
				8BC6DCF22BA8E64E0093A554 /* DetailView.swift */,
				8BDC5E032BAA43810051179E /* TrailingIconLabelStyle.swift */,
				8BC2132B2BAE271C00D19DBF /* ThemeView.swift */,
				8BC2132D2BAE289500D19DBF /* ThemePicker.swift */,
			);
			path = Views;
			sourceTree = "<group>";
		};
/* End PBXGroup section */

/* Begin PBXNativeTarget section */
		8BA716492BA789F400E4D67E /* ScrumDingerApp */ = {
			isa = PBXNativeTarget;
			buildConfigurationList = 8BA716582BA789F600E4D67E /* Build configuration list for PBXNativeTarget "ScrumDingerApp" */;
			buildPhases = (
				8BA716462BA789F400E4D67E /* Sources */,
				8BA716472BA789F400E4D67E /* Frameworks */,
				8BA716482BA789F400E4D67E /* Resources */,
			);
			buildRules = (
			);
			dependencies = (
			);
			name = ScrumDingerApp;
			productName = FirstApp;
			productReference = 8BA7164A2BA789F400E4D67E /* ScrumDingerApp.app */;
			productType = "com.apple.product-type.application";
		};
/* End PBXNativeTarget section */

/* Begin PBXProject section */
		8BA716422BA789F400E4D67E /* Project object */ = {
			isa = PBXProject;
			attributes = {
				BuildIndependentTargetsInParallel = 1;
				LastSwiftUpdateCheck = 1420;
				LastUpgradeCheck = 1420;
				TargetAttributes = {
					8BA716492BA789F400E4D67E = {
						CreatedOnToolsVersion = 14.2;
					};
				};
			};
			buildConfigurationList = 8BA716452BA789F400E4D67E /* Build configuration list for PBXProject "ScrumDingerApp" */;
			compatibilityVersion = "Xcode 14.0";
			developmentRegion = en;
			hasScannedForEncodings = 0;
			knownRegions = (
				en,
				Base,
			);
			mainGroup = 8BA716412BA789F400E4D67E;
			packageReferences = (
				8B0869D82BB0BCEB0043CAF1 /* XCRemoteSwiftPackageReference "Scrum-app" */,
			);
			productRefGroup = 8BA7164B2BA789F400E4D67E /* Products */;
			projectDirPath = "";
			projectRoot = "";
			targets = (
				8BA716492BA789F400E4D67E /* ScrumDingerApp */,
			);
		};
/* End PBXProject section */

/* Begin PBXResourcesBuildPhase section */
		8BA716482BA789F400E4D67E /* Resources */ = {
			isa = PBXResourcesBuildPhase;
			buildActionMask = 2147483647;
			files = (
			);
			runOnlyForDeploymentPostprocessing = 0;
		};
/* End PBXResourcesBuildPhase section */

/* Begin PBXSourcesBuildPhase section */
		8BA716462BA789F400E4D67E /* Sources */ = {
			isa = PBXSourcesBuildPhase;
			buildActionMask = 2147483647;
			files = (
				8BC2132E2BAE289500D19DBF /* ThemePicker.swift in Sources */,
				8BF11D962BAF8145001C3C2D /* ScrumProgressViewStyle.swift in Sources */,
				8BF11D9A2BAF8738001C3C2D /* MeetingFooterView.swift in Sources */,
				8BF11D982BAF8272001C3C2D /* ScrumTimer.swift in Sources */,
				8BA7165D2BA7934A00E4D67E /* Theme.swift in Sources */,
				8BC6DCF32BA8E64E0093A554 /* DetailView.swift in Sources */,
				8BF11D942BAF760F001C3C2D /* MeetingHeaderView.swift in Sources */,
				8BDC5E022BAA2EBB0051179E /* DetailEditView.swift in Sources */,
				8BA716502BA789F400E4D67E /* MeetingView.swift in Sources */,
				8BDC5E042BAA43810051179E /* TrailingIconLabelStyle.swift in Sources */,
				8BC6DCEE2BA8DA720093A554 /* ScrumsView.swift in Sources */,
				8BA7165F2BA7947A00E4D67E /* DailyScream.swift in Sources */,
				8BA7164E2BA789F400E4D67E /* ScrumdingerApp.swift in Sources */,
				8BC2132C2BAE271C00D19DBF /* ThemeView.swift in Sources */,
				8BA716612BA795D100E4D67E /* CardView.swift in Sources */,
				8BF11D9C2BAF909F001C3C2D /* AVPlayer+Ding.swift in Sources */,
			);
			runOnlyForDeploymentPostprocessing = 0;
		};
/* End PBXSourcesBuildPhase section */

/* Begin XCBuildConfiguration section */
		8BA716562BA789F600E4D67E /* Debug */ = {
			isa = XCBuildConfiguration;
			buildSettings = {
				ALWAYS_SEARCH_USER_PATHS = NO;
				CLANG_ANALYZER_NONNULL = YES;
				CLANG_ANALYZER_NUMBER_OBJECT_CONVERSION = YES_AGGRESSIVE;
				CLANG_CXX_LANGUAGE_STANDARD = "gnu++20";
				CLANG_ENABLE_MODULES = YES;
				CLANG_ENABLE_OBJC_ARC = YES;
				CLANG_ENABLE_OBJC_WEAK = YES;
				CLANG_WARN_BLOCK_CAPTURE_AUTORELEASING = YES;
				CLANG_WARN_BOOL_CONVERSION = YES;
				CLANG_WARN_COMMA = YES;
				CLANG_WARN_CONSTANT_CONVERSION = YES;
				CLANG_WARN_DEPRECATED_OBJC_IMPLEMENTATIONS = YES;
				CLANG_WARN_DIRECT_OBJC_ISA_USAGE = YES_ERROR;
				CLANG_WARN_DOCUMENTATION_COMMENTS = YES;
				CLANG_WARN_EMPTY_BODY = YES;
				CLANG_WARN_ENUM_CONVERSION = YES;
				CLANG_WARN_INFINITE_RECURSION = YES;
				CLANG_WARN_INT_CONVERSION = YES;
				CLANG_WARN_NON_LITERAL_NULL_CONVERSION = YES;
				CLANG_WARN_OBJC_IMPLICIT_RETAIN_SELF = YES;
				CLANG_WARN_OBJC_LITERAL_CONVERSION = YES;
				CLANG_WARN_OBJC_ROOT_CLASS = YES_ERROR;
				CLANG_WARN_QUOTED_INCLUDE_IN_FRAMEWORK_HEADER = YES;
				CLANG_WARN_RANGE_LOOP_ANALYSIS = YES;
				CLANG_WARN_STRICT_PROTOTYPES = YES;
				CLANG_WARN_SUSPICIOUS_MOVE = YES;
				CLANG_WARN_UNGUARDED_AVAILABILITY = YES_AGGRESSIVE;
				CLANG_WARN_UNREACHABLE_CODE = YES;
				CLANG_WARN__DUPLICATE_METHOD_MATCH = YES;
				COPY_PHASE_STRIP = NO;
				DEBUG_INFORMATION_FORMAT = dwarf;
				ENABLE_STRICT_OBJC_MSGSEND = YES;
				ENABLE_TESTABILITY = YES;
				GCC_C_LANGUAGE_STANDARD = gnu11;
				GCC_DYNAMIC_NO_PIC = NO;
				GCC_NO_COMMON_BLOCKS = YES;
				GCC_OPTIMIZATION_LEVEL = 0;
				GCC_PREPROCESSOR_DEFINITIONS = (
					"DEBUG=1",
					"$(inherited)",
				);
				GCC_WARN_64_TO_32_BIT_CONVERSION = YES;
				GCC_WARN_ABOUT_RETURN_TYPE = YES_ERROR;
				GCC_WARN_UNDECLARED_SELECTOR = YES;
				GCC_WARN_UNINITIALIZED_AUTOS = YES_AGGRESSIVE;
				GCC_WARN_UNUSED_FUNCTION = YES;
				GCC_WARN_UNUSED_VARIABLE = YES;
				IPHONEOS_DEPLOYMENT_TARGET = 16.2;
				MTL_ENABLE_DEBUG_INFO = INCLUDE_SOURCE;
				MTL_FAST_MATH = YES;
				ONLY_ACTIVE_ARCH = YES;
				SDKROOT = iphoneos;
				SWIFT_ACTIVE_COMPILATION_CONDITIONS = DEBUG;
				SWIFT_OPTIMIZATION_LEVEL = "-Onone";
			};
			name = Debug;
		};
		8BA716572BA789F600E4D67E /* Release */ = {
			isa = XCBuildConfiguration;
			buildSettings = {
				ALWAYS_SEARCH_USER_PATHS = NO;
				CLANG_ANALYZER_NONNULL = YES;
				CLANG_ANALYZER_NUMBER_OBJECT_CONVERSION = YES_AGGRESSIVE;
				CLANG_CXX_LANGUAGE_STANDARD = "gnu++20";
				CLANG_ENABLE_MODULES = YES;
				CLANG_ENABLE_OBJC_ARC = YES;
				CLANG_ENABLE_OBJC_WEAK = YES;
				CLANG_WARN_BLOCK_CAPTURE_AUTORELEASING = YES;
				CLANG_WARN_BOOL_CONVERSION = YES;
				CLANG_WARN_COMMA = YES;
				CLANG_WARN_CONSTANT_CONVERSION = YES;
				CLANG_WARN_DEPRECATED_OBJC_IMPLEMENTATIONS = YES;
				CLANG_WARN_DIRECT_OBJC_ISA_USAGE = YES_ERROR;
				CLANG_WARN_DOCUMENTATION_COMMENTS = YES;
				CLANG_WARN_EMPTY_BODY = YES;
				CLANG_WARN_ENUM_CONVERSION = YES;
				CLANG_WARN_INFINITE_RECURSION = YES;
				CLANG_WARN_INT_CONVERSION = YES;
				CLANG_WARN_NON_LITERAL_NULL_CONVERSION = YES;
				CLANG_WARN_OBJC_IMPLICIT_RETAIN_SELF = YES;
				CLANG_WARN_OBJC_LITERAL_CONVERSION = YES;
				CLANG_WARN_OBJC_ROOT_CLASS = YES_ERROR;
				CLANG_WARN_QUOTED_INCLUDE_IN_FRAMEWORK_HEADER = YES;
				CLANG_WARN_RANGE_LOOP_ANALYSIS = YES;
				CLANG_WARN_STRICT_PROTOTYPES = YES;
				CLANG_WARN_SUSPICIOUS_MOVE = YES;
				CLANG_WARN_UNGUARDED_AVAILABILITY = YES_AGGRESSIVE;
				CLANG_WARN_UNREACHABLE_CODE = YES;
				CLANG_WARN__DUPLICATE_METHOD_MATCH = YES;
				COPY_PHASE_STRIP = NO;
				DEBUG_INFORMATION_FORMAT = "dwarf-with-dsym";
				ENABLE_NS_ASSERTIONS = NO;
				ENABLE_STRICT_OBJC_MSGSEND = YES;
				GCC_C_LANGUAGE_STANDARD = gnu11;
				GCC_NO_COMMON_BLOCKS = YES;
				GCC_WARN_64_TO_32_BIT_CONVERSION = YES;
				GCC_WARN_ABOUT_RETURN_TYPE = YES_ERROR;
				GCC_WARN_UNDECLARED_SELECTOR = YES;
				GCC_WARN_UNINITIALIZED_AUTOS = YES_AGGRESSIVE;
				GCC_WARN_UNUSED_FUNCTION = YES;
				GCC_WARN_UNUSED_VARIABLE = YES;
				IPHONEOS_DEPLOYMENT_TARGET = 16.2;
				MTL_ENABLE_DEBUG_INFO = NO;
				MTL_FAST_MATH = YES;
				SDKROOT = iphoneos;
				SWIFT_COMPILATION_MODE = wholemodule;
				SWIFT_OPTIMIZATION_LEVEL = "-O";
				VALIDATE_PRODUCT = YES;
			};
			name = Release;
		};
		8BA716592BA789F600E4D67E /* Debug */ = {
			isa = XCBuildConfiguration;
			buildSettings = {
				ASSETCATALOG_COMPILER_APPICON_NAME = AppIcon;
				ASSETCATALOG_COMPILER_GLOBAL_ACCENT_COLOR_NAME = AccentColor;
				CODE_SIGN_STYLE = Automatic;
				CURRENT_PROJECT_VERSION = 1;
				DEVELOPMENT_ASSET_PATHS = "\"ScrumDingerApp/Preview Content\"";
				ENABLE_PREVIEWS = YES;
				GENERATE_INFOPLIST_FILE = YES;
				INFOPLIST_KEY_UIApplicationSceneManifest_Generation = YES;
				INFOPLIST_KEY_UIApplicationSupportsIndirectInputEvents = YES;
				INFOPLIST_KEY_UILaunchScreen_Generation = YES;
				INFOPLIST_KEY_UIStatusBarStyle = UIStatusBarStyleDarkContent;
				INFOPLIST_KEY_UISupportedInterfaceOrientations_iPad = "UIInterfaceOrientationPortrait UIInterfaceOrientationPortraitUpsideDown UIInterfaceOrientationLandscapeLeft UIInterfaceOrientationLandscapeRight";
				INFOPLIST_KEY_UISupportedInterfaceOrientations_iPhone = "UIInterfaceOrientationPortrait UIInterfaceOrientationLandscapeLeft UIInterfaceOrientationLandscapeRight";
				LD_RUNPATH_SEARCH_PATHS = (
					"$(inherited)",
					"@executable_path/Frameworks",
				);
				MARKETING_VERSION = 1.0;
				PRODUCT_BUNDLE_IDENTIFIER = com.av.ScrumDingerApp;
				PRODUCT_NAME = "$(TARGET_NAME)";
				SWIFT_EMIT_LOC_STRINGS = YES;
				SWIFT_VERSION = 5.0;
				TARGETED_DEVICE_FAMILY = "1,2";
			};
			name = Debug;
		};
		8BA7165A2BA789F600E4D67E /* Release */ = {
			isa = XCBuildConfiguration;
			buildSettings = {
				ASSETCATALOG_COMPILER_APPICON_NAME = AppIcon;
				ASSETCATALOG_COMPILER_GLOBAL_ACCENT_COLOR_NAME = AccentColor;
				CODE_SIGN_STYLE = Automatic;
				CURRENT_PROJECT_VERSION = 1;
				DEVELOPMENT_ASSET_PATHS = "\"ScrumDingerApp/Preview Content\"";
				ENABLE_PREVIEWS = YES;
				GENERATE_INFOPLIST_FILE = YES;
				INFOPLIST_KEY_UIApplicationSceneManifest_Generation = YES;
				INFOPLIST_KEY_UIApplicationSupportsIndirectInputEvents = YES;
				INFOPLIST_KEY_UILaunchScreen_Generation = YES;
				INFOPLIST_KEY_UIStatusBarStyle = UIStatusBarStyleDarkContent;
				INFOPLIST_KEY_UISupportedInterfaceOrientations_iPad = "UIInterfaceOrientationPortrait UIInterfaceOrientationPortraitUpsideDown UIInterfaceOrientationLandscapeLeft UIInterfaceOrientationLandscapeRight";
				INFOPLIST_KEY_UISupportedInterfaceOrientations_iPhone = "UIInterfaceOrientationPortrait UIInterfaceOrientationLandscapeLeft UIInterfaceOrientationLandscapeRight";
				LD_RUNPATH_SEARCH_PATHS = (
					"$(inherited)",
					"@executable_path/Frameworks",
				);
				MARKETING_VERSION = 1.0;
				PRODUCT_BUNDLE_IDENTIFIER = com.av.ScrumDingerApp;
				PRODUCT_NAME = "$(TARGET_NAME)";
				SWIFT_EMIT_LOC_STRINGS = YES;
				SWIFT_VERSION = 5.0;
				TARGETED_DEVICE_FAMILY = "1,2";
			};
			name = Release;
		};
/* End XCBuildConfiguration section */

/* Begin XCConfigurationList section */
		8BA716452BA789F400E4D67E /* Build configuration list for PBXProject "ScrumDingerApp" */ = {
			isa = XCConfigurationList;
			buildConfigurations = (
				8BA716562BA789F600E4D67E /* Debug */,
				8BA716572BA789F600E4D67E /* Release */,
			);
			defaultConfigurationIsVisible = 0;
			defaultConfigurationName = Release;
		};
		8BA716582BA789F600E4D67E /* Build configuration list for PBXNativeTarget "ScrumDingerApp" */ = {
			isa = XCConfigurationList;
			buildConfigurations = (
				8BA716592BA789F600E4D67E /* Debug */,
				8BA7165A2BA789F600E4D67E /* Release */,
			);
			defaultConfigurationIsVisible = 0;
			defaultConfigurationName = Release;
		};
/* End XCConfigurationList section */

/* Begin XCRemoteSwiftPackageReference section */
		8B0869D82BB0BCEB0043CAF1 /* XCRemoteSwiftPackageReference "Scrum-app" */ = {
			isa = XCRemoteSwiftPackageReference;
			repositoryURL = "https://github.com/AlexVcom/Scrum-app";
			requirement = {
				branch = main;
				kind = branch;
			};
		};
/* End XCRemoteSwiftPackageReference section */
	};
	rootObject = 8BA716422BA789F400E4D67E /* Project object */;
}
